
Microsoft Visual Studio Solution File, Format Version 12.00
# Visual Studio 15
VisualStudioVersion = 15.0.28307.1209
MinimumVisualStudioVersion = 10.0.40219.1
Project("{888888A0-9F3D-457C-B088-3A5042F75D52}") = "testDrawLineTool", "testDrawLineTool\testDrawLineTool.pyproj", "{65E78205-C575-4380-86EF-2E86B59B2DCD}"
EndProject
Global
	GlobalSection(SolutionConfigurationPlatforms) = preSolution
		Debug|Any CPU = Debug|Any CPU
		Release|Any CPU = Release|Any CPU
	EndGlobalSection
	GlobalSection(ProjectConfigurationPlatforms) = postSolution
		{65E78205-C575-4380-86EF-2E86B59B2DCD}.Debug|Any CPU.ActiveCfg = Debug|Any CPU
		{65E78205-C575-4380-86EF-2E86B59B2DCD}.Release|Any CPU.ActiveCfg = Release|Any CPU
	EndGlobalSection
	GlobalSection(SolutionProperties) = preSolution
		HideSolutionNode = FALSE
	EndGlobalSection
	GlobalSection(ExtensibilityGlobals) = postSolution
		SolutionGuid = {CC2D5205-067B-4EDB-859D-C455B61E3555}
	EndGlobalSection
EndGlobal
