
Microsoft Visual Studio Solution File, Format Version 12.00
# Visual Studio 15
VisualStudioVersion = 15.0.28307.1209
MinimumVisualStudioVersion = 10.0.40219.1
Project("{888888A0-9F3D-457C-B088-3A5042F75D52}") = "LogicalNodeGraph", "LogicalNodeGraph\LogicalNodeGraph.pyproj", "{BA599DB8-6CC9-473C-90F7-F60063CE5F58}"
EndProject
Global
	GlobalSection(SolutionConfigurationPlatforms) = preSolution
		Debug|Any CPU = Debug|Any CPU
		Release|Any CPU = Release|Any CPU
	EndGlobalSection
	GlobalSection(ProjectConfigurationPlatforms) = postSolution
		{BA599DB8-6CC9-473C-90F7-F60063CE5F58}.Debug|Any CPU.ActiveCfg = Debug|Any CPU
		{BA599DB8-6CC9-473C-90F7-F60063CE5F58}.Release|Any CPU.ActiveCfg = Release|Any CPU
	EndGlobalSection
	GlobalSection(SolutionProperties) = preSolution
		HideSolutionNode = FALSE
	EndGlobalSection
	GlobalSection(ExtensibilityGlobals) = postSolution
		SolutionGuid = {43EB5816-D9C6-43B4-83A2-B92DAEC48EA4}
	EndGlobalSection
EndGlobal
