
Microsoft Visual Studio Solution File, Format Version 12.00
# Visual Studio 15
VisualStudioVersion = 15.0.28307.1705
MinimumVisualStudioVersion = 10.0.40219.1
Project("{888888A0-9F3D-457C-B088-3A5042F75D52}") = "testCurveEditor", "testCurveEditor\testCurveEditor.pyproj", "{B6A5B2CB-AACC-44A5-8ECA-314A90BB8430}"
EndProject
Global
	GlobalSection(SolutionConfigurationPlatforms) = preSolution
		Debug|Any CPU = Debug|Any CPU
		Release|Any CPU = Release|Any CPU
	EndGlobalSection
	GlobalSection(ProjectConfigurationPlatforms) = postSolution
		{B6A5B2CB-AACC-44A5-8ECA-314A90BB8430}.Debug|Any CPU.ActiveCfg = Debug|Any CPU
		{B6A5B2CB-AACC-44A5-8ECA-314A90BB8430}.Release|Any CPU.ActiveCfg = Release|Any CPU
	EndGlobalSection
	GlobalSection(SolutionProperties) = preSolution
		HideSolutionNode = FALSE
	EndGlobalSection
	GlobalSection(ExtensibilityGlobals) = postSolution
		SolutionGuid = {2072BA59-CBF1-497B-A824-E4FDFB4B97C2}
	EndGlobalSection
EndGlobal
