
Microsoft Visual Studio Solution File, Format Version 12.00
# Visual Studio 15
VisualStudioVersion = 15.0.28307.1705
MinimumVisualStudioVersion = 10.0.40219.1
Project("{888888A0-9F3D-457C-B088-3A5042F75D52}") = "testEvent", "testEvent\testEvent.pyproj", "{E1CA79E1-1F6F-4145-AE1C-CB8DA83E80BD}"
EndProject
Global
	GlobalSection(SolutionConfigurationPlatforms) = preSolution
		Debug|Any CPU = Debug|Any CPU
		Release|Any CPU = Release|Any CPU
	EndGlobalSection
	GlobalSection(ProjectConfigurationPlatforms) = postSolution
		{E1CA79E1-1F6F-4145-AE1C-CB8DA83E80BD}.Debug|Any CPU.ActiveCfg = Debug|Any CPU
		{E1CA79E1-1F6F-4145-AE1C-CB8DA83E80BD}.Release|Any CPU.ActiveCfg = Release|Any CPU
	EndGlobalSection
	GlobalSection(SolutionProperties) = preSolution
		HideSolutionNode = FALSE
	EndGlobalSection
	GlobalSection(ExtensibilityGlobals) = postSolution
		SolutionGuid = {16703C9D-0725-4BBA-A5CD-04DA4A1D11D3}
	EndGlobalSection
EndGlobal
