
Microsoft Visual Studio Solution File, Format Version 12.00
# Visual Studio 15
VisualStudioVersion = 15.0.28307.757
MinimumVisualStudioVersion = 10.0.40219.1
Project("{888888A0-9F3D-457C-B088-3A5042F75D52}") = "testAsyncGUI", "testAsyncGUI\testAsyncGUI.pyproj", "{83E482BD-8565-4BA8-9411-62D018592235}"
EndProject
Global
	GlobalSection(SolutionConfigurationPlatforms) = preSolution
		Debug|Any CPU = Debug|Any CPU
		Release|Any CPU = Release|Any CPU
	EndGlobalSection
	GlobalSection(ProjectConfigurationPlatforms) = postSolution
		{83E482BD-8565-4BA8-9411-62D018592235}.Debug|Any CPU.ActiveCfg = Debug|Any CPU
		{83E482BD-8565-4BA8-9411-62D018592235}.Release|Any CPU.ActiveCfg = Release|Any CPU
	EndGlobalSection
	GlobalSection(SolutionProperties) = preSolution
		HideSolutionNode = FALSE
	EndGlobalSection
	GlobalSection(ExtensibilityGlobals) = postSolution
		SolutionGuid = {D4233898-F099-4237-9A7E-3B5F184A5CBF}
	EndGlobalSection
EndGlobal
