
Microsoft Visual Studio Solution File, Format Version 12.00
# Visual Studio 15
VisualStudioVersion = 15.0.28307.1705
MinimumVisualStudioVersion = 10.0.40219.1
Project("{888888A0-9F3D-457C-B088-3A5042F75D52}") = "testReorderList", "testReorderList\testReorderList.pyproj", "{3C8ED0C3-90A5-469A-ACB1-3FF827937425}"
EndProject
Global
	GlobalSection(SolutionConfigurationPlatforms) = preSolution
		Debug|Any CPU = Debug|Any CPU
		Release|Any CPU = Release|Any CPU
	EndGlobalSection
	GlobalSection(ProjectConfigurationPlatforms) = postSolution
		{3C8ED0C3-90A5-469A-ACB1-3FF827937425}.Debug|Any CPU.ActiveCfg = Debug|Any CPU
		{3C8ED0C3-90A5-469A-ACB1-3FF827937425}.Release|Any CPU.ActiveCfg = Release|Any CPU
	EndGlobalSection
	GlobalSection(SolutionProperties) = preSolution
		HideSolutionNode = FALSE
	EndGlobalSection
	GlobalSection(ExtensibilityGlobals) = postSolution
		SolutionGuid = {5C9B5905-3437-4E6D-9E3A-4671287AEB47}
	EndGlobalSection
EndGlobal
