
Microsoft Visual Studio Solution File, Format Version 12.00
# Visual Studio 15
VisualStudioVersion = 15.0.28307.757
MinimumVisualStudioVersion = 10.0.40219.1
Project("{888888A0-9F3D-457C-B088-3A5042F75D52}") = "testMatrix", "testMatrix\testMatrix.pyproj", "{8C6B4C27-5C5F-464E-9B5A-C6E3E577ACD5}"
EndProject
Global
	GlobalSection(SolutionConfigurationPlatforms) = preSolution
		Debug|Any CPU = Debug|Any CPU
		Release|Any CPU = Release|Any CPU
	EndGlobalSection
	GlobalSection(ProjectConfigurationPlatforms) = postSolution
		{8C6B4C27-5C5F-464E-9B5A-C6E3E577ACD5}.Debug|Any CPU.ActiveCfg = Debug|Any CPU
		{8C6B4C27-5C5F-464E-9B5A-C6E3E577ACD5}.Release|Any CPU.ActiveCfg = Release|Any CPU
	EndGlobalSection
	GlobalSection(SolutionProperties) = preSolution
		HideSolutionNode = FALSE
	EndGlobalSection
	GlobalSection(ExtensibilityGlobals) = postSolution
		SolutionGuid = {D1AC0AA0-E1D5-4BDA-B889-99A32054B147}
	EndGlobalSection
EndGlobal
