
Microsoft Visual Studio Solution File, Format Version 12.00
# Visual Studio 15
VisualStudioVersion = 15.0.28307.757
MinimumVisualStudioVersion = 10.0.40219.1
Project("{888888A0-9F3D-457C-B088-3A5042F75D52}") = "testArgsKwargs", "testArgsKwargs\testArgsKwargs.pyproj", "{5E2C0580-BA66-4B00-994E-55A1B57A74C4}"
EndProject
Global
	GlobalSection(SolutionConfigurationPlatforms) = preSolution
		Debug|Any CPU = Debug|Any CPU
		Release|Any CPU = Release|Any CPU
	EndGlobalSection
	GlobalSection(ProjectConfigurationPlatforms) = postSolution
		{5E2C0580-BA66-4B00-994E-55A1B57A74C4}.Debug|Any CPU.ActiveCfg = Debug|Any CPU
		{5E2C0580-BA66-4B00-994E-55A1B57A74C4}.Release|Any CPU.ActiveCfg = Release|Any CPU
	EndGlobalSection
	GlobalSection(SolutionProperties) = preSolution
		HideSolutionNode = FALSE
	EndGlobalSection
	GlobalSection(ExtensibilityGlobals) = postSolution
		SolutionGuid = {4DCD9A4F-CF5D-4381-BD86-8B29331CF3B0}
	EndGlobalSection
EndGlobal
